PODS:
  - Alamofire (4.9.1)
  - IQKeyboardManagerSwift (6.5.5)
  - Realm (5.3.2):
    - Realm/Headers (= 5.3.2)
  - Realm/Headers (5.3.2)
  - RealmSwift (5.3.2):
    - Realm (= 5.3.2)

DEPENDENCIES:
  - Alamofire
  - IQKeyboardManagerSwift
  - RealmSwift

SPEC REPOS:
  trunk:
    - Alamofire
    - IQKeyboardManagerSwift
    - Realm
    - RealmSwift

SPEC CHECKSUMS:
  Alamofire: 85e8a02c69d6020a0d734f6054870d7ecb75cf18
  IQKeyboardManagerSwift: 0fb93310284665245591f50f7a5e38de615960b7
  Realm: c6794276ca8884808ba168a22f9d71362b170b85
  RealmSwift: 42ec6cec3170aeeda407f797f07268a7d055ebc7

PODFILE CHECKSUM: e0905d8e182f2c7f9e3ecc7c72fe1ba577bcb9b4

COCOAPODS: 1.9.3
