// !$*UTF8*$!
{
	archiveVersion = 1;
	classes = {
	};
	objectVersion = 51;
	objects = {

/* Begin PBXBuildFile section */
		19C5AF9EE8DFCED999985338 /* Pods_mediaApp.framework in Frameworks */ = {isa = PBXBuildFile; fileRef = E6002F44468D0E97748C6CFE /* Pods_mediaApp.framework */; };
		3A06B41D24D9877600829286 /* AppDelegate.swift in Sources */ = {isa = PBXBuildFile; fileRef = 3A06B41C24D9877600829286 /* AppDelegate.swift */; };
		3A06B41F24D9877600829286 /* SceneDelegate.swift in Sources */ = {isa = PBXBuildFile; fileRef = 3A06B41E24D9877600829286 /* SceneDelegate.swift */; };
		3A06B42624D9877900829286 /* Assets.xcassets in Resources */ = {isa = PBXBuildFile; fileRef = 3A06B42524D9877900829286 /* Assets.xcassets */; };
		3A06B42924D9877900829286 /* LaunchScreen.storyboard in Resources */ = {isa = PBXBuildFile; fileRef = 3A06B42724D9877900829286 /* LaunchScreen.storyboard */; };
		3A7FA08024DBEB4C00FC39A6 /* ITunesObjTableViewCell.swift in Sources */ = {isa = PBXBuildFile; fileRef = 3A7FA07E24DBEB4C00FC39A6 /* ITunesObjTableViewCell.swift */; };
		3A7FA08124DBEB4C00FC39A6 /* ITunesObjTableViewCell.xib in Resources */ = {isa = PBXBuildFile; fileRef = 3A7FA07F24DBEB4C00FC39A6 /* ITunesObjTableViewCell.xib */; };
		3A7FA08324DBEE9800FC39A6 /* AutoIndentifierCell.swift in Sources */ = {isa = PBXBuildFile; fileRef = 3A7FA08224DBEE9800FC39A6 /* AutoIndentifierCell.swift */; };
		3A9B65B324DB063A0085E396 /* itunesObj.swift in Sources */ = {isa = PBXBuildFile; fileRef = 3A9B65B224DB063A0085E396 /* itunesObj.swift */; };
		3A9C732624E1444300585C5D /* ITunesMediaViewController.swift in Sources */ = {isa = PBXBuildFile; fileRef = 3A9C732424E1444300585C5D /* ITunesMediaViewController.swift */; };
		3A9C732724E1444300585C5D /* iTunesMediaViewController.xib in Resources */ = {isa = PBXBuildFile; fileRef = 3A9C732524E1444300585C5D /* iTunesMediaViewController.xib */; };
		3A9C732F24E15BF700585C5D /* BaseURLs.swift in Sources */ = {isa = PBXBuildFile; fileRef = 3A9C732E24E15BF700585C5D /* BaseURLs.swift */; };
		3A9C733124E15CCF00585C5D /* NetworkClient.swift in Sources */ = {isa = PBXBuildFile; fileRef = 3A9C733024E15CCF00585C5D /* NetworkClient.swift */; };
		3A9C733824E15D5E00585C5D /* Endpoints.swift in Sources */ = {isa = PBXBuildFile; fileRef = 3A9C733724E15D5E00585C5D /* Endpoints.swift */; };
		3A9C733B24E15E0000585C5D /* ITunesRequestConfigurator.swift in Sources */ = {isa = PBXBuildFile; fileRef = 3A9C733A24E15E0000585C5D /* ITunesRequestConfigurator.swift */; };
		3A9C733E24E16B9D00585C5D /* ViewFactory.swift in Sources */ = {isa = PBXBuildFile; fileRef = 3A9C733D24E16B9D00585C5D /* ViewFactory.swift */; };
		3A9C734024E16FD300585C5D /* UIView+Nib.swift in Sources */ = {isa = PBXBuildFile; fileRef = 3A9C733F24E16FD300585C5D /* UIView+Nib.swift */; };
/* End PBXBuildFile section */

/* Begin PBXFileReference section */
		3A06B41924D9877600829286 /* mediaApp.app */ = {isa = PBXFileReference; explicitFileType = wrapper.application; includeInIndex = 0; path = mediaApp.app; sourceTree = BUILT_PRODUCTS_DIR; };
		3A06B41C24D9877600829286 /* AppDelegate.swift */ = {isa = PBXFileReference; lastKnownFileType = sourcecode.swift; path = AppDelegate.swift; sourceTree = "<group>"; };
		3A06B41E24D9877600829286 /* SceneDelegate.swift */ = {isa = PBXFileReference; lastKnownFileType = sourcecode.swift; path = SceneDelegate.swift; sourceTree = "<group>"; };
		3A06B42524D9877900829286 /* Assets.xcassets */ = {isa = PBXFileReference; lastKnownFileType = folder.assetcatalog; path = Assets.xcassets; sourceTree = "<group>"; };
		3A06B42824D9877900829286 /* Base */ = {isa = PBXFileReference; lastKnownFileType = file.storyboard; name = Base; path = Base.lproj/LaunchScreen.storyboard; sourceTree = "<group>"; };
		3A06B42A24D9877900829286 /* Info.plist */ = {isa = PBXFileReference; lastKnownFileType = text.plist.xml; path = Info.plist; sourceTree = "<group>"; };
		3A7FA07E24DBEB4C00FC39A6 /* ITunesObjTableViewCell.swift */ = {isa = PBXFileReference; lastKnownFileType = sourcecode.swift; path = ITunesObjTableViewCell.swift; sourceTree = "<group>"; };
		3A7FA07F24DBEB4C00FC39A6 /* ITunesObjTableViewCell.xib */ = {isa = PBXFileReference; lastKnownFileType = file.xib; path = ITunesObjTableViewCell.xib; sourceTree = "<group>"; };
		3A7FA08224DBEE9800FC39A6 /* AutoIndentifierCell.swift */ = {isa = PBXFileReference; lastKnownFileType = sourcecode.swift; path = AutoIndentifierCell.swift; sourceTree = "<group>"; };
		3A9B65B224DB063A0085E396 /* itunesObj.swift */ = {isa = PBXFileReference; lastKnownFileType = sourcecode.swift; path = itunesObj.swift; sourceTree = "<group>"; };
		3A9C732424E1444300585C5D /* ITunesMediaViewController.swift */ = {isa = PBXFileReference; lastKnownFileType = sourcecode.swift; path = ITunesMediaViewController.swift; sourceTree = "<group>"; };
		3A9C732524E1444300585C5D /* iTunesMediaViewController.xib */ = {isa = PBXFileReference; lastKnownFileType = file.xib; path = iTunesMediaViewController.xib; sourceTree = "<group>"; };
		3A9C732E24E15BF700585C5D /* BaseURLs.swift */ = {isa = PBXFileReference; lastKnownFileType = sourcecode.swift; path = BaseURLs.swift; sourceTree = "<group>"; };
		3A9C733024E15CCF00585C5D /* NetworkClient.swift */ = {isa = PBXFileReference; lastKnownFileType = sourcecode.swift; path = NetworkClient.swift; sourceTree = "<group>"; };
		3A9C733724E15D5E00585C5D /* Endpoints.swift */ = {isa = PBXFileReference; lastKnownFileType = sourcecode.swift; path = Endpoints.swift; sourceTree = "<group>"; };
		3A9C733A24E15E0000585C5D /* ITunesRequestConfigurator.swift */ = {isa = PBXFileReference; lastKnownFileType = sourcecode.swift; path = ITunesRequestConfigurator.swift; sourceTree = "<group>"; };
		3A9C733D24E16B9D00585C5D /* ViewFactory.swift */ = {isa = PBXFileReference; lastKnownFileType = sourcecode.swift; path = ViewFactory.swift; sourceTree = "<group>"; };
		3A9C733F24E16FD300585C5D /* UIView+Nib.swift */ = {isa = PBXFileReference; lastKnownFileType = sourcecode.swift; path = "UIView+Nib.swift"; sourceTree = "<group>"; };
		60DCB5C6818D7AD14793B7CF /* Pods-mediaApp.release.xcconfig */ = {isa = PBXFileReference; includeInIndex = 1; lastKnownFileType = text.xcconfig; name = "Pods-mediaApp.release.xcconfig"; path = "Target Support Files/Pods-mediaApp/Pods-mediaApp.release.xcconfig"; sourceTree = "<group>"; };
		CA9FFC4C5A282AC79FA8A008 /* Pods-mediaApp.debug.xcconfig */ = {isa = PBXFileReference; includeInIndex = 1; lastKnownFileType = text.xcconfig; name = "Pods-mediaApp.debug.xcconfig"; path = "Target Support Files/Pods-mediaApp/Pods-mediaApp.debug.xcconfig"; sourceTree = "<group>"; };
		E6002F44468D0E97748C6CFE /* Pods_mediaApp.framework */ = {isa = PBXFileReference; explicitFileType = wrapper.framework; includeInIndex = 0; path = Pods_mediaApp.framework; sourceTree = BUILT_PRODUCTS_DIR; };
/* End PBXFileReference section */

/* Begin PBXFrameworksBuildPhase section */
		3A06B41624D9877600829286 /* Frameworks */ = {
			isa = PBXFrameworksBuildPhase;
			buildActionMask = 2147483647;
			files = (
				19C5AF9EE8DFCED999985338 /* Pods_mediaApp.framework in Frameworks */,
			);
			runOnlyForDeploymentPostprocessing = 0;
		};
/* End PBXFrameworksBuildPhase section */

/* Begin PBXGroup section */
		0ED3AE54EB0CA81821061A13 /* Frameworks */ = {
			isa = PBXGroup;
			children = (
				E6002F44468D0E97748C6CFE /* Pods_mediaApp.framework */,
			);
			name = Frameworks;
			sourceTree = "<group>";
		};
		3A06B41024D9877600829286 = {
			isa = PBXGroup;
			children = (
				3A06B41B24D9877600829286 /* mediaApp */,
				3A06B41A24D9877600829286 /* Products */,
				FFB140AD6B72E8A50998CACF /* Pods */,
				0ED3AE54EB0CA81821061A13 /* Frameworks */,
			);
			sourceTree = "<group>";
		};
		3A06B41A24D9877600829286 /* Products */ = {
			isa = PBXGroup;
			children = (
				3A06B41924D9877600829286 /* mediaApp.app */,
			);
			name = Products;
			sourceTree = "<group>";
		};
		3A06B41B24D9877600829286 /* mediaApp */ = {
			isa = PBXGroup;
			children = (
				3A98303024E1318B00FB770A /* Classes */,
				3A98302F24E1316F00FB770A /* Resources */,
				3A98302E24E1315900FB770A /* Supporting Files */,
			);
			path = mediaApp;
			sourceTree = "<group>";
		};
		3A98302E24E1315900FB770A /* Supporting Files */ = {
			isa = PBXGroup;
			children = (
				3A06B42724D9877900829286 /* LaunchScreen.storyboard */,
				3A06B42A24D9877900829286 /* Info.plist */,
			);
			path = "Supporting Files";
			sourceTree = "<group>";
		};
		3A98302F24E1316F00FB770A /* Resources */ = {
			isa = PBXGroup;
			children = (
				3A06B42524D9877900829286 /* Assets.xcassets */,
			);
			path = Resources;
			sourceTree = "<group>";
		};
		3A98303024E1318B00FB770A /* Classes */ = {
			isa = PBXGroup;
			children = (
				3A98303124E13B7700FB770A /* ApplicationLayer */,
				3A9C732D24E15B5C00585C5D /* BusinessLogicLayer */,
				3A9C732924E1543800585C5D /* PresentationLayer */,
				3A9C733624E15D3A00585C5D /* CoreLayer */,
			);
			path = Classes;
			sourceTree = "<group>";
		};
		3A98303124E13B7700FB770A /* ApplicationLayer */ = {
			isa = PBXGroup;
			children = (
				3A06B41C24D9877600829286 /* AppDelegate.swift */,
				3A06B41E24D9877600829286 /* SceneDelegate.swift */,
			);
			path = ApplicationLayer;
			sourceTree = "<group>";
		};
		3A9C732824E1524500585C5D /* iTunes Cell */ = {
			isa = PBXGroup;
			children = (
				3A7FA07E24DBEB4C00FC39A6 /* ITunesObjTableViewCell.swift */,
				3A7FA07F24DBEB4C00FC39A6 /* ITunesObjTableViewCell.xib */,
			);
			path = "iTunes Cell";
			sourceTree = "<group>";
		};
		3A9C732924E1543800585C5D /* PresentationLayer */ = {
			isa = PBXGroup;
			children = (
				3A9C732C24E1550100585C5D /* Helpers */,
				3A9C732B24E1545400585C5D /* iTunesMediaVC */,
			);
			path = PresentationLayer;
			sourceTree = "<group>";
		};
		3A9C732B24E1545400585C5D /* iTunesMediaVC */ = {
			isa = PBXGroup;
			children = (
				3A9C732824E1524500585C5D /* iTunes Cell */,
				3A9C732424E1444300585C5D /* ITunesMediaViewController.swift */,
				3A9C732524E1444300585C5D /* iTunesMediaViewController.xib */,
			);
			path = iTunesMediaVC;
			sourceTree = "<group>";
		};
		3A9C732C24E1550100585C5D /* Helpers */ = {
			isa = PBXGroup;
			children = (
				3A7FA08224DBEE9800FC39A6 /* AutoIndentifierCell.swift */,
				3A9C733F24E16FD300585C5D /* UIView+Nib.swift */,
				3A9C733D24E16B9D00585C5D /* ViewFactory.swift */,
			);
			path = Helpers;
			sourceTree = "<group>";
		};
		3A9C732D24E15B5C00585C5D /* BusinessLogicLayer */ = {
			isa = PBXGroup;
			children = (
				3A9B65B224DB063A0085E396 /* itunesObj.swift */,
			);
			path = BusinessLogicLayer;
			sourceTree = "<group>";
		};
		3A9C733224E15D0300585C5D /* NetworkClients */ = {
			isa = PBXGroup;
			children = (
				3A9C733024E15CCF00585C5D /* NetworkClient.swift */,
			);
			path = NetworkClients;
			sourceTree = "<group>";
		};
		3A9C733324E15D0F00585C5D /* BaseURLs */ = {
			isa = PBXGroup;
			children = (
				3A9C732E24E15BF700585C5D /* BaseURLs.swift */,
			);
			path = BaseURLs;
			sourceTree = "<group>";
		};
		3A9C733424E15D2000585C5D /* Constants */ = {
			isa = PBXGroup;
			children = (
				3A9C733324E15D0F00585C5D /* BaseURLs */,
				3A9C733924E15D6300585C5D /* Endpoints */,
			);
			path = Constants;
			sourceTree = "<group>";
		};
		3A9C733524E15D3200585C5D /* CoreComponents */ = {
			isa = PBXGroup;
			children = (
				3A9C733224E15D0300585C5D /* NetworkClients */,
				3A9C733C24E15E0800585C5D /* RequestConfigurators */,
			);
			path = CoreComponents;
			sourceTree = "<group>";
		};
		3A9C733624E15D3A00585C5D /* CoreLayer */ = {
			isa = PBXGroup;
			children = (
				3A9C733424E15D2000585C5D /* Constants */,
				3A9C733524E15D3200585C5D /* CoreComponents */,
			);
			path = CoreLayer;
			sourceTree = "<group>";
		};
		3A9C733924E15D6300585C5D /* Endpoints */ = {
			isa = PBXGroup;
			children = (
				3A9C733724E15D5E00585C5D /* Endpoints.swift */,
			);
			path = Endpoints;
			sourceTree = "<group>";
		};
		3A9C733C24E15E0800585C5D /* RequestConfigurators */ = {
			isa = PBXGroup;
			children = (
				3A9C733A24E15E0000585C5D /* ITunesRequestConfigurator.swift */,
			);
			path = RequestConfigurators;
			sourceTree = "<group>";
		};
		FFB140AD6B72E8A50998CACF /* Pods */ = {
			isa = PBXGroup;
			children = (
				CA9FFC4C5A282AC79FA8A008 /* Pods-mediaApp.debug.xcconfig */,
				60DCB5C6818D7AD14793B7CF /* Pods-mediaApp.release.xcconfig */,
			);
			path = Pods;
			sourceTree = "<group>";
		};
/* End PBXGroup section */

/* Begin PBXNativeTarget section */
		3A06B41824D9877600829286 /* mediaApp */ = {
			isa = PBXNativeTarget;
			buildConfigurationList = 3A06B42D24D9877900829286 /* Build configuration list for PBXNativeTarget "mediaApp" */;
			buildPhases = (
				32489EA757891FC6477277AE /* [CP] Check Pods Manifest.lock */,
				3A06B41524D9877600829286 /* Sources */,
				3A06B41624D9877600829286 /* Frameworks */,
				3A06B41724D9877600829286 /* Resources */,
				28D191773F8E5754B8244CB1 /* [CP] Embed Pods Frameworks */,
			);
			buildRules = (
			);
			dependencies = (
			);
			name = mediaApp;
			productName = mediaApp;
			productReference = 3A06B41924D9877600829286 /* mediaApp.app */;
			productType = "com.apple.product-type.application";
		};
/* End PBXNativeTarget section */

/* Begin PBXProject section */
		3A06B41124D9877600829286 /* Project object */ = {
			isa = PBXProject;
			attributes = {
				LastSwiftUpdateCheck = 1150;
				LastUpgradeCheck = 1150;
				ORGANIZATIONNAME = "Anton Ivanov";
				TargetAttributes = {
					3A06B41824D9877600829286 = {
						CreatedOnToolsVersion = 11.5;
					};
				};
			};
			buildConfigurationList = 3A06B41424D9877600829286 /* Build configuration list for PBXProject "mediaApp" */;
			compatibilityVersion = "Xcode 9.3";
			developmentRegion = en;
			hasScannedForEncodings = 0;
			knownRegions = (
				en,
				Base,
			);
			mainGroup = 3A06B41024D9877600829286;
			productRefGroup = 3A06B41A24D9877600829286 /* Products */;
			projectDirPath = "";
			projectRoot = "";
			targets = (
				3A06B41824D9877600829286 /* mediaApp */,
			);
		};
/* End PBXProject section */

/* Begin PBXResourcesBuildPhase section */
		3A06B41724D9877600829286 /* Resources */ = {
			isa = PBXResourcesBuildPhase;
			buildActionMask = 2147483647;
			files = (
				3A06B42924D9877900829286 /* LaunchScreen.storyboard in Resources */,
				3A9C732724E1444300585C5D /* iTunesMediaViewController.xib in Resources */,
				3A7FA08124DBEB4C00FC39A6 /* ITunesObjTableViewCell.xib in Resources */,
				3A06B42624D9877900829286 /* Assets.xcassets in Resources */,
			);
			runOnlyForDeploymentPostprocessing = 0;
		};
/* End PBXResourcesBuildPhase section */

/* Begin PBXShellScriptBuildPhase section */
		28D191773F8E5754B8244CB1 /* [CP] Embed Pods Frameworks */ = {
			isa = PBXShellScriptBuildPhase;
			buildActionMask = 2147483647;
			files = (
			);
			inputFileListPaths = (
				"${PODS_ROOT}/Target Support Files/Pods-mediaApp/Pods-mediaApp-frameworks-${CONFIGURATION}-input-files.xcfilelist",
			);
			name = "[CP] Embed Pods Frameworks";
			outputFileListPaths = (
				"${PODS_ROOT}/Target Support Files/Pods-mediaApp/Pods-mediaApp-frameworks-${CONFIGURATION}-output-files.xcfilelist",
			);
			runOnlyForDeploymentPostprocessing = 0;
			shellPath = /bin/sh;
			shellScript = "\"${PODS_ROOT}/Target Support Files/Pods-mediaApp/Pods-mediaApp-frameworks.sh\"\n";
			showEnvVarsInLog = 0;
		};
		32489EA757891FC6477277AE /* [CP] Check Pods Manifest.lock */ = {
			isa = PBXShellScriptBuildPhase;
			buildActionMask = 2147483647;
			files = (
			);
			inputFileListPaths = (
			);
			inputPaths = (
				"${PODS_PODFILE_DIR_PATH}/Podfile.lock",
				"${PODS_ROOT}/Manifest.lock",
			);
			name = "[CP] Check Pods Manifest.lock";
			outputFileListPaths = (
			);
			outputPaths = (
				"$(DERIVED_FILE_DIR)/Pods-mediaApp-checkManifestLockResult.txt",
			);
			runOnlyForDeploymentPostprocessing = 0;
			shellPath = /bin/sh;
			shellScript = "diff \"${PODS_PODFILE_DIR_PATH}/Podfile.lock\" \"${PODS_ROOT}/Manifest.lock\" > /dev/null\nif [ $? != 0 ] ; then\n    # print error to STDERR\n    echo \"error: The sandbox is not in sync with the Podfile.lock. Run 'pod install' or update your CocoaPods installation.\" >&2\n    exit 1\nfi\n# This output is used by Xcode 'outputs' to avoid re-running this script phase.\necho \"SUCCESS\" > \"${SCRIPT_OUTPUT_FILE_0}\"\n";
			showEnvVarsInLog = 0;
		};
/* End PBXShellScriptBuildPhase section */

/* Begin PBXSourcesBuildPhase section */
		3A06B41524D9877600829286 /* Sources */ = {
			isa = PBXSourcesBuildPhase;
			buildActionMask = 2147483647;
			files = (
				3A7FA08024DBEB4C00FC39A6 /* ITunesObjTableViewCell.swift in Sources */,
				3A9B65B324DB063A0085E396 /* itunesObj.swift in Sources */,
				3A9C733B24E15E0000585C5D /* ITunesRequestConfigurator.swift in Sources */,
				3A9C732F24E15BF700585C5D /* BaseURLs.swift in Sources */,
				3A06B41D24D9877600829286 /* AppDelegate.swift in Sources */,
				3A7FA08324DBEE9800FC39A6 /* AutoIndentifierCell.swift in Sources */,
				3A9C732624E1444300585C5D /* ITunesMediaViewController.swift in Sources */,
				3A06B41F24D9877600829286 /* SceneDelegate.swift in Sources */,
				3A9C734024E16FD300585C5D /* UIView+Nib.swift in Sources */,
				3A9C733E24E16B9D00585C5D /* ViewFactory.swift in Sources */,
				3A9C733824E15D5E00585C5D /* Endpoints.swift in Sources */,
				3A9C733124E15CCF00585C5D /* NetworkClient.swift in Sources */,
			);
			runOnlyForDeploymentPostprocessing = 0;
		};
/* End PBXSourcesBuildPhase section */

/* Begin PBXVariantGroup section */
		3A06B42724D9877900829286 /* LaunchScreen.storyboard */ = {
			isa = PBXVariantGroup;
			children = (
				3A06B42824D9877900829286 /* Base */,
			);
			name = LaunchScreen.storyboard;
			sourceTree = "<group>";
		};
/* End PBXVariantGroup section */

/* Begin XCBuildConfiguration section */
		3A06B42B24D9877900829286 /* Debug */ = {
			isa = XCBuildConfiguration;
			buildSettings = {
				ALWAYS_SEARCH_USER_PATHS = NO;
				CLANG_ANALYZER_NONNULL = YES;
				CLANG_ANALYZER_NUMBER_OBJECT_CONVERSION = YES_AGGRESSIVE;
				CLANG_CXX_LANGUAGE_STANDARD = "gnu++14";
				CLANG_CXX_LIBRARY = "libc++";
				CLANG_ENABLE_MODULES = YES;
				CLANG_ENABLE_OBJC_ARC = YES;
				CLANG_ENABLE_OBJC_WEAK = YES;
				CLANG_WARN_BLOCK_CAPTURE_AUTORELEASING = YES;
				CLANG_WARN_BOOL_CONVERSION = YES;
				CLANG_WARN_COMMA = YES;
				CLANG_WARN_CONSTANT_CONVERSION = YES;
				CLANG_WARN_DEPRECATED_OBJC_IMPLEMENTATIONS = YES;
				CLANG_WARN_DIRECT_OBJC_ISA_USAGE = YES_ERROR;
				CLANG_WARN_DOCUMENTATION_COMMENTS = YES;
				CLANG_WARN_EMPTY_BODY = YES;
				CLANG_WARN_ENUM_CONVERSION = YES;
				CLANG_WARN_INFINITE_RECURSION = YES;
				CLANG_WARN_INT_CONVERSION = YES;
				CLANG_WARN_NON_LITERAL_NULL_CONVERSION = YES;
				CLANG_WARN_OBJC_IMPLICIT_RETAIN_SELF = YES;
				CLANG_WARN_OBJC_LITERAL_CONVERSION = YES;
				CLANG_WARN_OBJC_ROOT_CLASS = YES_ERROR;
				CLANG_WARN_RANGE_LOOP_ANALYSIS = YES;
				CLANG_WARN_STRICT_PROTOTYPES = YES;
				CLANG_WARN_SUSPICIOUS_MOVE = YES;
				CLANG_WARN_UNGUARDED_AVAILABILITY = YES_AGGRESSIVE;
				CLANG_WARN_UNREACHABLE_CODE = YES;
				CLANG_WARN__DUPLICATE_METHOD_MATCH = YES;
				COPY_PHASE_STRIP = NO;
				DEBUG_INFORMATION_FORMAT = dwarf;
				ENABLE_STRICT_OBJC_MSGSEND = YES;
				ENABLE_TESTABILITY = YES;
				GCC_C_LANGUAGE_STANDARD = gnu11;
				GCC_DYNAMIC_NO_PIC = NO;
				GCC_NO_COMMON_BLOCKS = YES;
				GCC_OPTIMIZATION_LEVEL = 0;
				GCC_PREPROCESSOR_DEFINITIONS = (
					"DEBUG=1",
					"$(inherited)",
				);
				GCC_WARN_64_TO_32_BIT_CONVERSION = YES;
				GCC_WARN_ABOUT_RETURN_TYPE = YES_ERROR;
				GCC_WARN_UNDECLARED_SELECTOR = YES;
				GCC_WARN_UNINITIALIZED_AUTOS = YES_AGGRESSIVE;
				GCC_WARN_UNUSED_FUNCTION = YES;
				GCC_WARN_UNUSED_VARIABLE = YES;
				IPHONEOS_DEPLOYMENT_TARGET = 13.5;
				MTL_ENABLE_DEBUG_INFO = INCLUDE_SOURCE;
				MTL_FAST_MATH = YES;
				ONLY_ACTIVE_ARCH = YES;
				SDKROOT = iphoneos;
				SWIFT_ACTIVE_COMPILATION_CONDITIONS = DEBUG;
				SWIFT_OPTIMIZATION_LEVEL = "-Onone";
			};
			name = Debug;
		};
		3A06B42C24D9877900829286 /* Release */ = {
			isa = XCBuildConfiguration;
			buildSettings = {
				ALWAYS_SEARCH_USER_PATHS = NO;
				CLANG_ANALYZER_NONNULL = YES;
				CLANG_ANALYZER_NUMBER_OBJECT_CONVERSION = YES_AGGRESSIVE;
				CLANG_CXX_LANGUAGE_STANDARD = "gnu++14";
				CLANG_CXX_LIBRARY = "libc++";
				CLANG_ENABLE_MODULES = YES;
				CLANG_ENABLE_OBJC_ARC = YES;
				CLANG_ENABLE_OBJC_WEAK = YES;
				CLANG_WARN_BLOCK_CAPTURE_AUTORELEASING = YES;
				CLANG_WARN_BOOL_CONVERSION = YES;
				CLANG_WARN_COMMA = YES;
				CLANG_WARN_CONSTANT_CONVERSION = YES;
				CLANG_WARN_DEPRECATED_OBJC_IMPLEMENTATIONS = YES;
				CLANG_WARN_DIRECT_OBJC_ISA_USAGE = YES_ERROR;
				CLANG_WARN_DOCUMENTATION_COMMENTS = YES;
				CLANG_WARN_EMPTY_BODY = YES;
				CLANG_WARN_ENUM_CONVERSION = YES;
				CLANG_WARN_INFINITE_RECURSION = YES;
				CLANG_WARN_INT_CONVERSION = YES;
				CLANG_WARN_NON_LITERAL_NULL_CONVERSION = YES;
				CLANG_WARN_OBJC_IMPLICIT_RETAIN_SELF = YES;
				CLANG_WARN_OBJC_LITERAL_CONVERSION = YES;
				CLANG_WARN_OBJC_ROOT_CLASS = YES_ERROR;
				CLANG_WARN_RANGE_LOOP_ANALYSIS = YES;
				CLANG_WARN_STRICT_PROTOTYPES = YES;
				CLANG_WARN_SUSPICIOUS_MOVE = YES;
				CLANG_WARN_UNGUARDED_AVAILABILITY = YES_AGGRESSIVE;
				CLANG_WARN_UNREACHABLE_CODE = YES;
				CLANG_WARN__DUPLICATE_METHOD_MATCH = YES;
				COPY_PHASE_STRIP = NO;
				DEBUG_INFORMATION_FORMAT = "dwarf-with-dsym";
				ENABLE_NS_ASSERTIONS = NO;
				ENABLE_STRICT_OBJC_MSGSEND = YES;
				GCC_C_LANGUAGE_STANDARD = gnu11;
				GCC_NO_COMMON_BLOCKS = YES;
				GCC_WARN_64_TO_32_BIT_CONVERSION = YES;
				GCC_WARN_ABOUT_RETURN_TYPE = YES_ERROR;
				GCC_WARN_UNDECLARED_SELECTOR = YES;
				GCC_WARN_UNINITIALIZED_AUTOS = YES_AGGRESSIVE;
				GCC_WARN_UNUSED_FUNCTION = YES;
				GCC_WARN_UNUSED_VARIABLE = YES;
				IPHONEOS_DEPLOYMENT_TARGET = 13.5;
				MTL_ENABLE_DEBUG_INFO = NO;
				MTL_FAST_MATH = YES;
				SDKROOT = iphoneos;
				SWIFT_COMPILATION_MODE = wholemodule;
				SWIFT_OPTIMIZATION_LEVEL = "-O";
				VALIDATE_PRODUCT = YES;
			};
			name = Release;
		};
		3A06B42E24D9877900829286 /* Debug */ = {
			isa = XCBuildConfiguration;
			baseConfigurationReference = CA9FFC4C5A282AC79FA8A008 /* Pods-mediaApp.debug.xcconfig */;
			buildSettings = {
				ASSETCATALOG_COMPILER_APPICON_NAME = AppIcon;
				CODE_SIGN_STYLE = Automatic;
				DEVELOPMENT_TEAM = KHN7WQWRV9;
				INFOPLIST_FILE = "$(SRCROOT)/mediaApp/Supporting Files/Info.plist";
				LD_RUNPATH_SEARCH_PATHS = (
					"$(inherited)",
					"@executable_path/Frameworks",
				);
				PRODUCT_BUNDLE_IDENTIFIER = com.ivanouanton.mediaApp;
				PRODUCT_NAME = "$(TARGET_NAME)";
				SWIFT_VERSION = 5.0;
				TARGETED_DEVICE_FAMILY = "1,2";
			};
			name = Debug;
		};
		3A06B42F24D9877900829286 /* Release */ = {
			isa = XCBuildConfiguration;
			baseConfigurationReference = 60DCB5C6818D7AD14793B7CF /* Pods-mediaApp.release.xcconfig */;
			buildSettings = {
				ASSETCATALOG_COMPILER_APPICON_NAME = AppIcon;
				CODE_SIGN_STYLE = Automatic;
				DEVELOPMENT_TEAM = KHN7WQWRV9;
				INFOPLIST_FILE = "$(SRCROOT)/mediaApp/Supporting Files/Info.plist";
				LD_RUNPATH_SEARCH_PATHS = (
					"$(inherited)",
					"@executable_path/Frameworks",
				);
				PRODUCT_BUNDLE_IDENTIFIER = com.ivanouanton.mediaApp;
				PRODUCT_NAME = "$(TARGET_NAME)";
				SWIFT_VERSION = 5.0;
				TARGETED_DEVICE_FAMILY = "1,2";
			};
			name = Release;
		};
/* End XCBuildConfiguration section */

/* Begin XCConfigurationList section */
		3A06B41424D9877600829286 /* Build configuration list for PBXProject "mediaApp" */ = {
			isa = XCConfigurationList;
			buildConfigurations = (
				3A06B42B24D9877900829286 /* Debug */,
				3A06B42C24D9877900829286 /* Release */,
			);
			defaultConfigurationIsVisible = 0;
			defaultConfigurationName = Release;
		};
		3A06B42D24D9877900829286 /* Build configuration list for PBXNativeTarget "mediaApp" */ = {
			isa = XCConfigurationList;
			buildConfigurations = (
				3A06B42E24D9877900829286 /* Debug */,
				3A06B42F24D9877900829286 /* Release */,
			);
			defaultConfigurationIsVisible = 0;
			defaultConfigurationName = Release;
		};
/* End XCConfigurationList section */
	};
	rootObject = 3A06B41124D9877600829286 /* Project object */;
}
